
Microsoft Visual Studio Solution File, Format Version 12.00
Project("{FAE04EC0-301F-11D3-BF4B-00C04F79EFBC}") = "DevFreela.API", "DevFreela.API\DevFreela.API.csproj", "{8DD66B92-29C5-4F1C-BF1F-3B4D8CD0BACE}"
EndProject
Project("{FAE04EC0-301F-11D3-BF4B-00C04F79EFBC}") = "DevFreela.Core", "DevFreela.Core\DevFreela.Core.csproj", "{27D817C5-DFF4-4C68-AF12-43C1141DD4F3}"
EndProject
Global
	GlobalSection(SolutionConfigurationPlatforms) = preSolution
		Debug|Any CPU = Debug|Any CPU
		Release|Any CPU = Release|Any CPU
	EndGlobalSection
	GlobalSection(ProjectConfigurationPlatforms) = postSolution
		{8DD66B92-29C5-4F1C-BF1F-3B4D8CD0BACE}.Debug|Any CPU.ActiveCfg = Debug|Any CPU
		{8DD66B92-29C5-4F1C-BF1F-3B4D8CD0BACE}.Debug|Any CPU.Build.0 = Debug|Any CPU
		{8DD66B92-29C5-4F1C-BF1F-3B4D8CD0BACE}.Release|Any CPU.ActiveCfg = Release|Any CPU
		{8DD66B92-29C5-4F1C-BF1F-3B4D8CD0BACE}.Release|Any CPU.Build.0 = Release|Any CPU
		{27D817C5-DFF4-4C68-AF12-43C1141DD4F3}.Debug|Any CPU.ActiveCfg = Debug|Any CPU
		{27D817C5-DFF4-4C68-AF12-43C1141DD4F3}.Debug|Any CPU.Build.0 = Debug|Any CPU
		{27D817C5-DFF4-4C68-AF12-43C1141DD4F3}.Release|Any CPU.ActiveCfg = Release|Any CPU
		{27D817C5-DFF4-4C68-AF12-43C1141DD4F3}.Release|Any CPU.Build.0 = Release|Any CPU
	EndGlobalSection
EndGlobal
